
Microsoft Visual Studio Solution File, Format Version 12.00
# Visual Studio Version 16
VisualStudioVersion = 16.0.30204.135
MinimumVisualStudioVersion = 10.0.40219.1
Project("{FAE04EC0-301F-11D3-BF4B-00C04F79EFBC}") = "BTNhom2019", "BTNhom2019\BTNhom2019.csproj", "{A5615DB5-538E-407B-B92A-B85B263CC9C5}"
EndProject
Global
	GlobalSection(SolutionConfigurationPlatforms) = preSolution
		Debug|Any CPU = Debug|Any CPU
		Release|Any CPU = Release|Any CPU
	EndGlobalSection
	GlobalSection(ProjectConfigurationPlatforms) = postSolution
		{A5615DB5-538E-407B-B92A-B85B263CC9C5}.Debug|Any CPU.ActiveCfg = Debug|Any CPU
		{A5615DB5-538E-407B-B92A-B85B263CC9C5}.Debug|Any CPU.Build.0 = Debug|Any CPU
		{A5615DB5-538E-407B-B92A-B85B263CC9C5}.Release|Any CPU.ActiveCfg = Release|Any CPU
		{A5615DB5-538E-407B-B92A-B85B263CC9C5}.Release|Any CPU.Build.0 = Release|Any CPU
	EndGlobalSection
	GlobalSection(SolutionProperties) = preSolution
		HideSolutionNode = FALSE
	EndGlobalSection
	GlobalSection(ExtensibilityGlobals) = postSolution
		SolutionGuid = {7467DCE1-3F0E-4CB4-9843-7CAF3C30321C}
	EndGlobalSection
EndGlobal
